PODS:
  - LicensePlist (3.23.4)
  - SwiftLint (0.50.3)

DEPENDENCIES:
  - LicensePlist
  - SwiftLint

SPEC REPOS:
  trunk:
    - LicensePlist
    - SwiftLint

SPEC CHECKSUMS:
  LicensePlist: 804d60431859ef6ee6b2aa2dd0eb2c09d0418edd
  SwiftLint: 77f7cb2b9bb81ab4a12fcc86448ba3f11afa50c6

PODFILE CHECKSUM: 8c7392329e56c5056feca01e304bb4e5cd97ae0e

COCOAPODS: 1.11.3
